
Microsoft Visual Studio Solution File, Format Version 12.00
# Visual Studio Version 17
VisualStudioVersion = 17.2.32630.192
MinimumVisualStudioVersion = 10.0.40219.1
Project("{2150E333-8FDC-42A3-9474-1A3956D46DE8}") = "00.Repository", "00.Repository", "{B70E9258-2EB2-4233-BBEA-02887567FA19}"
EndProject
Project("{2150E333-8FDC-42A3-9474-1A3956D46DE8}") = "01.BackEnd", "01.BackEnd", "{9D52B12D-9B3F-44F1-81C5-76FB28CE6903}"
EndProject
Project("{2150E333-8FDC-42A3-9474-1A3956D46DE8}") = "02.FrontEnd", "02.FrontEnd", "{E84258E9-6003-4EC9-810B-C8A056EAD1FE}"
EndProject
Project("{2150E333-8FDC-42A3-9474-1A3956D46DE8}") = "03.WebServices", "03.WebServices", "{E049C053-5E33-46E1-9D8B-DD2FB4D1CF0C}"
EndProject
Project("{2150E333-8FDC-42A3-9474-1A3956D46DE8}") = "04.Azure", "04.Azure", "{487D2BD5-6CD6-4A14-AF57-82129F991AC7}"
EndProject
Project("{2150E333-8FDC-42A3-9474-1A3956D46DE8}") = "05.Tools", "05.Tools", "{BB53D164-CBB5-45F2-9450-6996969B21A0}"
EndProject
Project("{FAE04EC0-301F-11D3-BF4B-00C04F79EFBC}") = "Connector", "00.Repository\Connector\Connector.csproj", "{D003F2A7-5936-4D4C-AAAB-2D30014C941C}"
EndProject
Project("{FAE04EC0-301F-11D3-BF4B-00C04F79EFBC}") = "Library", "00.Repository\Library\Library.csproj", "{1C2E8346-7727-452E-A861-9B1648FDC7BB}"
EndProject
Project("{2150E333-8FDC-42A3-9474-1A3956D46DE8}") = "00.Workflows", "00.Workflows", "{305C50A5-8943-48A4-97B0-538B8DC2E64C}"
EndProject
Project("{2150E333-8FDC-42A3-9474-1A3956D46DE8}") = "01.Plugins", "01.Plugins", "{661F463D-E0C3-47E8-B0F5-709F624588E3}"
EndProject
Project("{2150E333-8FDC-42A3-9474-1A3956D46DE8}") = "02.Actions", "02.Actions", "{66FB67B8-87FE-4082-A743-430DB3881F30}"
EndProject
Project("{2150E333-8FDC-42A3-9474-1A3956D46DE8}") = "00.AppName1", "00.AppName1", "{10F61474-1101-4746-8D3D-3E92C8A5BA3A}"
EndProject
Project("{FAE04EC0-301F-11D3-BF4B-00C04F79EFBC}") = "WR.AppName", "02.FrontEnd\00.AppName1\WR.AppName\WR.AppName.csproj", "{18ABD96B-BE34-43F9-A13C-EDC099639EAC}"
EndProject
Project("{FAE04EC0-301F-11D3-BF4B-00C04F79EFBC}") = "Plugins.AppName", "01.BackEnd\00.Plugins\Plugins.AppName\Plugins.AppName.csproj", "{35F74CB1-A928-41E2-AAA2-DFC839517062}"
EndProject
Global
	GlobalSection(SolutionConfigurationPlatforms) = preSolution
		Debug|Any CPU = Debug|Any CPU
		Release|Any CPU = Release|Any CPU
	EndGlobalSection
	GlobalSection(ProjectConfigurationPlatforms) = postSolution
		{D003F2A7-5936-4D4C-AAAB-2D30014C941C}.Debug|Any CPU.ActiveCfg = Debug|Any CPU
		{D003F2A7-5936-4D4C-AAAB-2D30014C941C}.Debug|Any CPU.Build.0 = Debug|Any CPU
		{D003F2A7-5936-4D4C-AAAB-2D30014C941C}.Release|Any CPU.ActiveCfg = Release|Any CPU
		{D003F2A7-5936-4D4C-AAAB-2D30014C941C}.Release|Any CPU.Build.0 = Release|Any CPU
		{1C2E8346-7727-452E-A861-9B1648FDC7BB}.Debug|Any CPU.ActiveCfg = Debug|Any CPU
		{1C2E8346-7727-452E-A861-9B1648FDC7BB}.Debug|Any CPU.Build.0 = Debug|Any CPU
		{1C2E8346-7727-452E-A861-9B1648FDC7BB}.Release|Any CPU.ActiveCfg = Release|Any CPU
		{1C2E8346-7727-452E-A861-9B1648FDC7BB}.Release|Any CPU.Build.0 = Release|Any CPU
		{18ABD96B-BE34-43F9-A13C-EDC099639EAC}.Debug|Any CPU.ActiveCfg = Debug|Any CPU
		{18ABD96B-BE34-43F9-A13C-EDC099639EAC}.Debug|Any CPU.Build.0 = Debug|Any CPU
		{18ABD96B-BE34-43F9-A13C-EDC099639EAC}.Release|Any CPU.ActiveCfg = Release|Any CPU
		{18ABD96B-BE34-43F9-A13C-EDC099639EAC}.Release|Any CPU.Build.0 = Release|Any CPU
		{35F74CB1-A928-41E2-AAA2-DFC839517062}.Debug|Any CPU.ActiveCfg = Debug|Any CPU
		{35F74CB1-A928-41E2-AAA2-DFC839517062}.Debug|Any CPU.Build.0 = Debug|Any CPU
		{35F74CB1-A928-41E2-AAA2-DFC839517062}.Release|Any CPU.ActiveCfg = Release|Any CPU
		{35F74CB1-A928-41E2-AAA2-DFC839517062}.Release|Any CPU.Build.0 = Release|Any CPU
	EndGlobalSection
	GlobalSection(SolutionProperties) = preSolution
		HideSolutionNode = FALSE
	EndGlobalSection
	GlobalSection(NestedProjects) = preSolution
		{D003F2A7-5936-4D4C-AAAB-2D30014C941C} = {B70E9258-2EB2-4233-BBEA-02887567FA19}
		{1C2E8346-7727-452E-A861-9B1648FDC7BB} = {B70E9258-2EB2-4233-BBEA-02887567FA19}
		{305C50A5-8943-48A4-97B0-538B8DC2E64C} = {9D52B12D-9B3F-44F1-81C5-76FB28CE6903}
		{661F463D-E0C3-47E8-B0F5-709F624588E3} = {9D52B12D-9B3F-44F1-81C5-76FB28CE6903}
		{66FB67B8-87FE-4082-A743-430DB3881F30} = {9D52B12D-9B3F-44F1-81C5-76FB28CE6903}
		{10F61474-1101-4746-8D3D-3E92C8A5BA3A} = {E84258E9-6003-4EC9-810B-C8A056EAD1FE}
		{18ABD96B-BE34-43F9-A13C-EDC099639EAC} = {10F61474-1101-4746-8D3D-3E92C8A5BA3A}
		{35F74CB1-A928-41E2-AAA2-DFC839517062} = {661F463D-E0C3-47E8-B0F5-709F624588E3}
	EndGlobalSection
	GlobalSection(ExtensibilityGlobals) = postSolution
		SolutionGuid = {33D196D2-D1C1-497D-BCF2-1FDD1B7AEBBA}
	EndGlobalSection
EndGlobal
